Microsoft Visual Studio Solution File, Format Version 11.00
# Visual Studio 2008

Project("{994F564E-EB0A-C773-E108-D17EB35B1451}") = "CRUK_2", "Assembly-CSharp-firstpass.csproj", "{9590A569-E34A-AAE7-FF01-CE9CC02689F7}"
EndProject
Project("{994F564E-EB0A-C773-E108-D17EB35B1451}") = "CRUK_2", "Assembly-CSharp.csproj", "{0C4F2F33-729D-CBF7-C006-37265725171B}"
EndProject
Project("{994F564E-EB0A-C773-E108-D17EB35B1451}") = "CRUK_2", "Assembly-UnityScript-firstpass.unityproj", "{25E62EF8-F4DC-34AD-A855-49B3201528BF}"
EndProject
Project("{994F564E-EB0A-C773-E108-D17EB35B1451}") = "CRUK_2", "Assembly-UnityScript.unityproj", "{7D6C3253-C79B-619E-2AEE-C0210F0781FB}"
EndProject
Project("{994F564E-EB0A-C773-E108-D17EB35B1451}") = "CRUK_2", "Assembly-UnityScript-Editor.unityproj", "{15A991D3-9D17-D4D9-9930-77A8443595E0}"
EndProject
Global
	GlobalSection(SolutionConfigurationPlatforms) = preSolution
		Debug|Any CPU = Debug|Any CPU
		Release|Any CPU = Release|Any CPU
	EndGlobalSection
	GlobalSection(ProjectConfigurationPlatforms) = postSolution
		{9590A569-E34A-AAE7-FF01-CE9CC02689F7}.Debug|Any CPU.ActiveCfg = Debug|Any CPU
		{9590A569-E34A-AAE7-FF01-CE9CC02689F7}.Debug|Any CPU.Build.0 = Debug|Any CPU
		{9590A569-E34A-AAE7-FF01-CE9CC02689F7}.Release|Any CPU.ActiveCfg = Release|Any CPU
		{9590A569-E34A-AAE7-FF01-CE9CC02689F7}.Release|Any CPU.Build.0 = Release|Any CPU
		{0C4F2F33-729D-CBF7-C006-37265725171B}.Debug|Any CPU.ActiveCfg = Debug|Any CPU
		{0C4F2F33-729D-CBF7-C006-37265725171B}.Debug|Any CPU.Build.0 = Debug|Any CPU
		{0C4F2F33-729D-CBF7-C006-37265725171B}.Release|Any CPU.ActiveCfg = Release|Any CPU
		{0C4F2F33-729D-CBF7-C006-37265725171B}.Release|Any CPU.Build.0 = Release|Any CPU
		{25E62EF8-F4DC-34AD-A855-49B3201528BF}.Debug|Any CPU.ActiveCfg = Debug|Any CPU
		{25E62EF8-F4DC-34AD-A855-49B3201528BF}.Debug|Any CPU.Build.0 = Debug|Any CPU
		{25E62EF8-F4DC-34AD-A855-49B3201528BF}.Release|Any CPU.ActiveCfg = Release|Any CPU
		{25E62EF8-F4DC-34AD-A855-49B3201528BF}.Release|Any CPU.Build.0 = Release|Any CPU
		{7D6C3253-C79B-619E-2AEE-C0210F0781FB}.Debug|Any CPU.ActiveCfg = Debug|Any CPU
		{7D6C3253-C79B-619E-2AEE-C0210F0781FB}.Debug|Any CPU.Build.0 = Debug|Any CPU
		{7D6C3253-C79B-619E-2AEE-C0210F0781FB}.Release|Any CPU.ActiveCfg = Release|Any CPU
		{7D6C3253-C79B-619E-2AEE-C0210F0781FB}.Release|Any CPU.Build.0 = Release|Any CPU
		{15A991D3-9D17-D4D9-9930-77A8443595E0}.Debug|Any CPU.ActiveCfg = Debug|Any CPU
		{15A991D3-9D17-D4D9-9930-77A8443595E0}.Debug|Any CPU.Build.0 = Debug|Any CPU
		{15A991D3-9D17-D4D9-9930-77A8443595E0}.Release|Any CPU.ActiveCfg = Release|Any CPU
		{15A991D3-9D17-D4D9-9930-77A8443595E0}.Release|Any CPU.Build.0 = Release|Any CPU
	EndGlobalSection
	GlobalSection(SolutionProperties) = preSolution
		HideSolutionNode = FALSE
	EndGlobalSection
											GlobalSection(MonoDevelopProperties) = preSolution
		StartupItem = Assembly-CSharp.csproj
		Policies = $0
		$0.TextStylePolicy = $1
		$1.inheritsSet = null
		$1.scope = text/x-csharp
		$0.CSharpFormattingPolicy = $2
		$2.inheritsSet = Mono
		$2.inheritsScope = text/x-csharp
		$2.scope = text/x-csharp
		$0.TextStylePolicy = $3
		$3.FileWidth = 120
		$3.TabWidth = 4
		$3.EolMarker = Unix
		$3.inheritsSet = Mono
		$3.inheritsScope = text/plain
		$3.scope = text/plain
	EndGlobalSection

EndGlobal
